
Microsoft Visual Studio Solution File, Format Version 12.00
# Visual Studio Version 16
Project("{8BC9CEB8-8B4A-11D0-8D11-00A0C91BC942}") = "SoftRendererPlayer", "Source\Player\SoftRendererPlayer.vcxproj", "{97635C20-E4E5-3F52-8705-728193F8C670}"
	ProjectSection(ProjectDependencies) = postProject
		{75C1CBF9-B9AF-3EB4-ABC6-4AB8BA2210B6} = {75C1CBF9-B9AF-3EB4-ABC6-4AB8BA2210B6}
		{A691BABA-8561-35A2-8D7D-B80BA9E0F282} = {A691BABA-8561-35A2-8D7D-B80BA9E0F282}
		{E9C21D4C-FBF3-375D-A5F9-076214C0440D} = {E9C21D4C-FBF3-375D-A5F9-076214C0440D}
	EndProjectSection
EndProject
Project("{8BC9CEB8-8B4A-11D0-8D11-00A0C91BC942}") = "ALL_BUILD", "ALL_BUILD.vcxproj", "{F4AEF977-2B34-30EC-91FA-AFB5942502FC}"
	ProjectSection(ProjectDependencies) = postProject
		{75C1CBF9-B9AF-3EB4-ABC6-4AB8BA2210B6} = {75C1CBF9-B9AF-3EB4-ABC6-4AB8BA2210B6}
		{A691BABA-8561-35A2-8D7D-B80BA9E0F282} = {A691BABA-8561-35A2-8D7D-B80BA9E0F282}
		{E9C21D4C-FBF3-375D-A5F9-076214C0440D} = {E9C21D4C-FBF3-375D-A5F9-076214C0440D}
		{97635C20-E4E5-3F52-8705-728193F8C670} = {97635C20-E4E5-3F52-8705-728193F8C670}
	EndProjectSection
EndProject
Project("{8BC9CEB8-8B4A-11D0-8D11-00A0C91BC942}") = "EngineModule", "Source\Runtime\Engine\EngineModule.vcxproj", "{75C1CBF9-B9AF-3EB4-ABC6-4AB8BA2210B6}"
	ProjectSection(ProjectDependencies) = postProject
		{A691BABA-8561-35A2-8D7D-B80BA9E0F282} = {A691BABA-8561-35A2-8D7D-B80BA9E0F282}
		{E9C21D4C-FBF3-375D-A5F9-076214C0440D} = {E9C21D4C-FBF3-375D-A5F9-076214C0440D}
	EndProjectSection
EndProject
Project("{8BC9CEB8-8B4A-11D0-8D11-00A0C91BC942}") = "MathModule", "Source\Runtime\Math\MathModule.vcxproj", "{A691BABA-8561-35A2-8D7D-B80BA9E0F282}"
	ProjectSection(ProjectDependencies) = postProject
	EndProjectSection
EndProject
Project("{8BC9CEB8-8B4A-11D0-8D11-00A0C91BC942}") = "RendererModule", "Source\Runtime\Renderer\RendererModule.vcxproj", "{E9C21D4C-FBF3-375D-A5F9-076214C0440D}"
	ProjectSection(ProjectDependencies) = postProject
		{A691BABA-8561-35A2-8D7D-B80BA9E0F282} = {A691BABA-8561-35A2-8D7D-B80BA9E0F282}
	EndProjectSection
EndProject
Global
	GlobalSection(SolutionConfigurationPlatforms) = preSolution
		Debug|x64 = Debug|x64
		Release|x64 = Release|x64
		MinSizeRel|x64 = MinSizeRel|x64
		RelWithDebInfo|x64 = RelWithDebInfo|x64
	EndGlobalSection
	GlobalSection(ProjectConfigurationPlatforms) = postSolution
		{97635C20-E4E5-3F52-8705-728193F8C670}.Debug|x64.ActiveCfg = Debug|x64
		{97635C20-E4E5-3F52-8705-728193F8C670}.Debug|x64.Build.0 = Debug|x64
		{97635C20-E4E5-3F52-8705-728193F8C670}.Release|x64.ActiveCfg = Release|x64
		{97635C20-E4E5-3F52-8705-728193F8C670}.Release|x64.Build.0 = Release|x64
		{97635C20-E4E5-3F52-8705-728193F8C670}.MinSizeRel|x64.ActiveCfg = MinSizeRel|x64
		{97635C20-E4E5-3F52-8705-728193F8C670}.MinSizeRel|x64.Build.0 = MinSizeRel|x64
		{97635C20-E4E5-3F52-8705-728193F8C670}.RelWithDebInfo|x64.ActiveCfg = RelWithDebInfo|x64
		{97635C20-E4E5-3F52-8705-728193F8C670}.RelWithDebInfo|x64.Build.0 = RelWithDebInfo|x64
		{F4AEF977-2B34-30EC-91FA-AFB5942502FC}.Debug|x64.ActiveCfg = Debug|x64
		{F4AEF977-2B34-30EC-91FA-AFB5942502FC}.Release|x64.ActiveCfg = Release|x64
		{F4AEF977-2B34-30EC-91FA-AFB5942502FC}.MinSizeRel|x64.ActiveCfg = MinSizeRel|x64
		{F4AEF977-2B34-30EC-91FA-AFB5942502FC}.RelWithDebInfo|x64.ActiveCfg = RelWithDebInfo|x64
		{75C1CBF9-B9AF-3EB4-ABC6-4AB8BA2210B6}.Debug|x64.ActiveCfg = Debug|x64
		{75C1CBF9-B9AF-3EB4-ABC6-4AB8BA2210B6}.Debug|x64.Build.0 = Debug|x64
		{75C1CBF9-B9AF-3EB4-ABC6-4AB8BA2210B6}.Release|x64.ActiveCfg = Release|x64
		{75C1CBF9-B9AF-3EB4-ABC6-4AB8BA2210B6}.Release|x64.Build.0 = Release|x64
		{75C1CBF9-B9AF-3EB4-ABC6-4AB8BA2210B6}.MinSizeRel|x64.ActiveCfg = MinSizeRel|x64
		{75C1CBF9-B9AF-3EB4-ABC6-4AB8BA2210B6}.MinSizeRel|x64.Build.0 = MinSizeRel|x64
		{75C1CBF9-B9AF-3EB4-ABC6-4AB8BA2210B6}.RelWithDebInfo|x64.ActiveCfg = RelWithDebInfo|x64
		{75C1CBF9-B9AF-3EB4-ABC6-4AB8BA2210B6}.RelWithDebInfo|x64.Build.0 = RelWithDebInfo|x64
		{A691BABA-8561-35A2-8D7D-B80BA9E0F282}.Debug|x64.ActiveCfg = Debug|x64
		{A691BABA-8561-35A2-8D7D-B80BA9E0F282}.Debug|x64.Build.0 = Debug|x64
		{A691BABA-8561-35A2-8D7D-B80BA9E0F282}.Release|x64.ActiveCfg = Release|x64
		{A691BABA-8561-35A2-8D7D-B80BA9E0F282}.Release|x64.Build.0 = Release|x64
		{A691BABA-8561-35A2-8D7D-B80BA9E0F282}.MinSizeRel|x64.ActiveCfg = MinSizeRel|x64
		{A691BABA-8561-35A2-8D7D-B80BA9E0F282}.MinSizeRel|x64.Build.0 = MinSizeRel|x64
		{A691BABA-8561-35A2-8D7D-B80BA9E0F282}.RelWithDebInfo|x64.ActiveCfg = RelWithDebInfo|x64
		{A691BABA-8561-35A2-8D7D-B80BA9E0F282}.RelWithDebInfo|x64.Build.0 = RelWithDebInfo|x64
		{E9C21D4C-FBF3-375D-A5F9-076214C0440D}.Debug|x64.ActiveCfg = Debug|x64
		{E9C21D4C-FBF3-375D-A5F9-076214C0440D}.Debug|x64.Build.0 = Debug|x64
		{E9C21D4C-FBF3-375D-A5F9-076214C0440D}.Release|x64.ActiveCfg = Release|x64
		{E9C21D4C-FBF3-375D-A5F9-076214C0440D}.Release|x64.Build.0 = Release|x64
		{E9C21D4C-FBF3-375D-A5F9-076214C0440D}.MinSizeRel|x64.ActiveCfg = MinSizeRel|x64
		{E9C21D4C-FBF3-375D-A5F9-076214C0440D}.MinSizeRel|x64.Build.0 = MinSizeRel|x64
		{E9C21D4C-FBF3-375D-A5F9-076214C0440D}.RelWithDebInfo|x64.ActiveCfg = RelWithDebInfo|x64
		{E9C21D4C-FBF3-375D-A5F9-076214C0440D}.RelWithDebInfo|x64.Build.0 = RelWithDebInfo|x64
	EndGlobalSection
	GlobalSection(ExtensibilityGlobals) = postSolution
		SolutionGuid = {3219BDE9-86DB-3504-B125-A66CFF9DAB79}
	EndGlobalSection
	GlobalSection(ExtensibilityAddIns) = postSolution
	EndGlobalSection
EndGlobal
