
Microsoft Visual Studio Solution File, Format Version 12.00
# Visual Studio Version 16
Project("{8BC9CEB8-8B4A-11D0-8D11-00A0C91BC942}") = "ALL_BUILD", "ALL_BUILD.vcxproj", "{A7554152-B635-30E4-853C-A0F5275E900D}"
	ProjectSection(ProjectDependencies) = postProject
		{F49BF33B-B1DE-38C2-9989-D37D7BD6242B} = {F49BF33B-B1DE-38C2-9989-D37D7BD6242B}
	EndProjectSection
EndProject
Project("{8BC9CEB8-8B4A-11D0-8D11-00A0C91BC942}") = "MathModule", "MathModule.vcxproj", "{F49BF33B-B1DE-38C2-9989-D37D7BD6242B}"
	ProjectSection(ProjectDependencies) = postProject
	EndProjectSection
EndProject
Global
	GlobalSection(SolutionConfigurationPlatforms) = preSolution
		Debug|x64 = Debug|x64
		Release|x64 = Release|x64
		MinSizeRel|x64 = MinSizeRel|x64
		RelWithDebInfo|x64 = RelWithDebInfo|x64
	EndGlobalSection
	GlobalSection(ProjectConfigurationPlatforms) = postSolution
		{A7554152-B635-30E4-853C-A0F5275E900D}.Debug|x64.ActiveCfg = Debug|x64
		{A7554152-B635-30E4-853C-A0F5275E900D}.Release|x64.ActiveCfg = Release|x64
		{A7554152-B635-30E4-853C-A0F5275E900D}.MinSizeRel|x64.ActiveCfg = MinSizeRel|x64
		{A7554152-B635-30E4-853C-A0F5275E900D}.RelWithDebInfo|x64.ActiveCfg = RelWithDebInfo|x64
		{F49BF33B-B1DE-38C2-9989-D37D7BD6242B}.Debug|x64.ActiveCfg = Debug|x64
		{F49BF33B-B1DE-38C2-9989-D37D7BD6242B}.Debug|x64.Build.0 = Debug|x64
		{F49BF33B-B1DE-38C2-9989-D37D7BD6242B}.Release|x64.ActiveCfg = Release|x64
		{F49BF33B-B1DE-38C2-9989-D37D7BD6242B}.Release|x64.Build.0 = Release|x64
		{F49BF33B-B1DE-38C2-9989-D37D7BD6242B}.MinSizeRel|x64.ActiveCfg = MinSizeRel|x64
		{F49BF33B-B1DE-38C2-9989-D37D7BD6242B}.MinSizeRel|x64.Build.0 = MinSizeRel|x64
		{F49BF33B-B1DE-38C2-9989-D37D7BD6242B}.RelWithDebInfo|x64.ActiveCfg = RelWithDebInfo|x64
		{F49BF33B-B1DE-38C2-9989-D37D7BD6242B}.RelWithDebInfo|x64.Build.0 = RelWithDebInfo|x64
	EndGlobalSection
	GlobalSection(ExtensibilityGlobals) = postSolution
		SolutionGuid = {140BB594-6372-32F2-86E6-41E21C7D7D2B}
	EndGlobalSection
	GlobalSection(ExtensibilityAddIns) = postSolution
	EndGlobalSection
EndGlobal
