<?xml version="1.0" encoding="utf-8"?>
<Project ToolsVersion="16.0" xmlns="http://schemas.microsoft.com/developer/msbuild/2003">
  <ItemGroup>
    <ClCompile Include="C:\Users\fanta\Downloads\gamemath-3-1\gamemath-3-1\Source\Runtime\Renderer\Precompiled.cpp" />
    <ClCompile Include="C:\Users\fanta\Downloads\gamemath-3-1\gamemath-3-1\Source\Runtime\Renderer\Private\2D\Shader.cpp">
      <Filter>Private\2D</Filter>
    </ClCompile>
    <ClCompile Include="C:\Users\fanta\Downloads\gamemath-3-1\gamemath-3-1\Source\Runtime\Renderer\Private\2D\Vertex.cpp">
      <Filter>Private\2D</Filter>
    </ClCompile>
    <ClCompile Include="C:\Users\fanta\Downloads\gamemath-3-1\gamemath-3-1\Source\Runtime\Renderer\Private\3D\PerspectiveTest.cpp">
      <Filter>Private\3D</Filter>
    </ClCompile>
    <ClCompile Include="C:\Users\fanta\Downloads\gamemath-3-1\gamemath-3-1\Source\Runtime\Renderer\Private\3D\Shader.cpp">
      <Filter>Private\3D</Filter>
    </ClCompile>
    <ClCompile Include="C:\Users\fanta\Downloads\gamemath-3-1\gamemath-3-1\Source\Runtime\Renderer\Private\3D\Vertex.cpp">
      <Filter>Private\3D</Filter>
    </ClCompile>
    <ClCompile Include="C:\Users\fanta\Downloads\gamemath-3-1\gamemath-3-1\Source\Runtime\Renderer\Private\Windows\WindowsGDI.cpp">
      <Filter>Private\Windows</Filter>
    </ClCompile>
    <ClCompile Include="C:\Users\fanta\Downloads\gamemath-3-1\gamemath-3-1\Source\Runtime\Renderer\Private\Windows\WindowsRSI.cpp">
      <Filter>Private\Windows</Filter>
    </ClCompile>
  </ItemGroup>
  <ItemGroup>
    <ClInclude Include="C:\Users\fanta\Downloads\gamemath-3-1\gamemath-3-1\Source\Runtime\Renderer\Precompiled.h" />
    <ClInclude Include="C:\Users\fanta\Downloads\gamemath-3-1\gamemath-3-1\Source\Runtime\Renderer\Public\2D\Shader.h">
      <Filter>Public\2D</Filter>
    </ClInclude>
    <ClInclude Include="C:\Users\fanta\Downloads\gamemath-3-1\gamemath-3-1\Source\Runtime\Renderer\Public\2D\Vertex.h">
      <Filter>Public\2D</Filter>
    </ClInclude>
    <ClInclude Include="C:\Users\fanta\Downloads\gamemath-3-1\gamemath-3-1\Source\Runtime\Renderer\Public\3D\PerspectiveTest.h">
      <Filter>Public\3D</Filter>
    </ClInclude>
    <ClInclude Include="C:\Users\fanta\Downloads\gamemath-3-1\gamemath-3-1\Source\Runtime\Renderer\Public\3D\Shader.h">
      <Filter>Public\3D</Filter>
    </ClInclude>
    <ClInclude Include="C:\Users\fanta\Downloads\gamemath-3-1\gamemath-3-1\Source\Runtime\Renderer\Public\3D\Vertex.h">
      <Filter>Public\3D</Filter>
    </ClInclude>
    <ClInclude Include="C:\Users\fanta\Downloads\gamemath-3-1\gamemath-3-1\Source\Runtime\Renderer\Public\RendererHeaders.h">
      <Filter>Public</Filter>
    </ClInclude>
    <ClInclude Include="C:\Users\fanta\Downloads\gamemath-3-1\gamemath-3-1\Source\Runtime\Renderer\Public\RendererInterface.h">
      <Filter>Public</Filter>
    </ClInclude>
    <ClInclude Include="C:\Users\fanta\Downloads\gamemath-3-1\gamemath-3-1\Source\Runtime\Renderer\Public\Windows\WindowsGDI.h">
      <Filter>Public\Windows</Filter>
    </ClInclude>
    <ClInclude Include="C:\Users\fanta\Downloads\gamemath-3-1\gamemath-3-1\Source\Runtime\Renderer\Public\Windows\WindowsRSI.h">
      <Filter>Public\Windows</Filter>
    </ClInclude>
  </ItemGroup>
  <ItemGroup>
    <Filter Include="Private">
      <UniqueIdentifier>{A1162ED8-1F45-3A00-A23E-A36BA83F8056}</UniqueIdentifier>
    </Filter>
    <Filter Include="Private\2D">
      <UniqueIdentifier>{C89E838C-DB8E-319D-932D-1D16267AB16D}</UniqueIdentifier>
    </Filter>
    <Filter Include="Private\3D">
      <UniqueIdentifier>{4B1E12D8-0BD7-3C96-8B15-DDFBBFC318EC}</UniqueIdentifier>
    </Filter>
    <Filter Include="Private\Windows">
      <UniqueIdentifier>{BFCB291C-C4C8-3B70-B5EE-5A2D1A66BACA}</UniqueIdentifier>
    </Filter>
    <Filter Include="Public">
      <UniqueIdentifier>{2DF7577A-3CCA-3A0D-9456-BBB99C08AAE7}</UniqueIdentifier>
    </Filter>
    <Filter Include="Public\2D">
      <UniqueIdentifier>{39FD1433-2AEC-33DB-B338-783B70709925}</UniqueIdentifier>
    </Filter>
    <Filter Include="Public\3D">
      <UniqueIdentifier>{32DA0716-1D1C-3FF5-B1C7-D2C75B483CAB}</UniqueIdentifier>
    </Filter>
    <Filter Include="Public\Windows">
      <UniqueIdentifier>{A7353CA1-5E12-30BB-8F31-5CA036F85A60}</UniqueIdentifier>
    </Filter>
  </ItemGroup>
</Project>
